Microsoft Visual Studio Solution File, Format Version 11.00
# Visual Studio 2010
Project("{FAE04EC0-301F-11D3-BF4B-00C04F79EFBC}") = "FormatCrosshairLabelValues", "FormatCrosshairLabelValues\FormatCrosshairLabelValues.csproj", "{64813769-0A79-4498-AC34-9E2BB7B164EA}"
EndProject
Project("{FAE04EC0-301F-11D3-BF4B-00C04F79EFBC}") = "FormatCrosshairLabelValues.Web", "FormatCrosshairLabelValues.Web\FormatCrosshairLabelValues.Web.csproj", "{2FCD548F-80DA-44A0-A2BA-FEBFC4CBECE0}"
EndProject
Global
	GlobalSection(SolutionConfigurationPlatforms) = preSolution
		Debug|Any CPU = Debug|Any CPU
		Release|Any CPU = Release|Any CPU
	EndGlobalSection
	GlobalSection(ProjectConfigurationPlatforms) = postSolution
		{64813769-0A79-4498-AC34-9E2BB7B164EA}.Debug|Any CPU.ActiveCfg = Debug|Any CPU
		{64813769-0A79-4498-AC34-9E2BB7B164EA}.Debug|Any CPU.Build.0 = Debug|Any CPU
		{64813769-0A79-4498-AC34-9E2BB7B164EA}.Release|Any CPU.ActiveCfg = Release|Any CPU
		{64813769-0A79-4498-AC34-9E2BB7B164EA}.Release|Any CPU.Build.0 = Release|Any CPU
		{2FCD548F-80DA-44A0-A2BA-FEBFC4CBECE0}.Debug|Any CPU.ActiveCfg = Debug|Any CPU
		{2FCD548F-80DA-44A0-A2BA-FEBFC4CBECE0}.Debug|Any CPU.Build.0 = Debug|Any CPU
		{2FCD548F-80DA-44A0-A2BA-FEBFC4CBECE0}.Release|Any CPU.ActiveCfg = Release|Any CPU
		{2FCD548F-80DA-44A0-A2BA-FEBFC4CBECE0}.Release|Any CPU.Build.0 = Release|Any CPU
	EndGlobalSection
	GlobalSection(SolutionProperties) = preSolution
		HideSolutionNode = FALSE
	EndGlobalSection
EndGlobal
